# generated by rye
# use `rye lock` or `rye sync` to update this lockfile
#
# last locked with the following flags:
#   pre: false
#   features: []
#   all-features: false
#   with-sources: false
#   generate-hashes: false

-e file:.
beautifulsoup4==4.12.3
    # via bs4
bs4==0.0.2
    # via dlpdf
certifi==2024.7.4
    # via requests
charset-normalizer==3.3.2
    # via requests
idna==3.7
    # via requests
pdfkit==1.0.0
    # via dlpdf
pyperclip==1.9.0
    # via dlpdf
requests==2.32.3
    # via dlpdf
soupsieve==2.5
    # via beautifulsoup4
urllib3==2.2.2
    # via requests
